
Microsoft Visual Studio Solution File, Format Version 12.00
# Visual Studio Version 17
VisualStudioVersion = 17.2.32630.192
MinimumVisualStudioVersion = 10.0.40219.1
Project("{FAE04EC0-301F-11D3-BF4B-00C04F79EFBC}") = "MobileReport", "MobileReport\MobileReport.csproj", "{F8BB53B1-3879-435A-B1ED-90C3AA6BEA51}"
EndProject
Global
	GlobalSection(SolutionConfigurationPlatforms) = preSolution
		Debug|Any CPU = Debug|Any CPU
		Release|Any CPU = Release|Any CPU
	EndGlobalSection
	GlobalSection(ProjectConfigurationPlatforms) = postSolution
		{F8BB53B1-3879-435A-B1ED-90C3AA6BEA51}.Debug|Any CPU.ActiveCfg = Debug|Any CPU
		{F8BB53B1-3879-435A-B1ED-90C3AA6BEA51}.Debug|Any CPU.Build.0 = Debug|Any CPU
		{F8BB53B1-3879-435A-B1ED-90C3AA6BEA51}.Release|Any CPU.ActiveCfg = Release|Any CPU
		{F8BB53B1-3879-435A-B1ED-90C3AA6BEA51}.Release|Any CPU.Build.0 = Release|Any CPU
	EndGlobalSection
	GlobalSection(SolutionProperties) = preSolution
		HideSolutionNode = FALSE
	EndGlobalSection
	GlobalSection(ExtensibilityGlobals) = postSolution
		SolutionGuid = {0D0A9402-0F32-412E-9551-C4BBF1088E8A}
	EndGlobalSection
EndGlobal
